// !$*UTF8*$!
{
	archiveVersion = 1;
	classes = {
	};
	objectVersion = 46;
	objects = {

/* Begin PBXBuildFile section */
		8024DFFB1E326C4900B4D2DD /* MessageComposerView.m in Sources */ = {isa = PBXBuildFile; fileRef = 8024DFFA1E326C4900B4D2DD /* MessageComposerView.m */; };
		8024DFFE1E326C5E00B4D2DD /* ChatViewController.m in Sources */ = {isa = PBXBuildFile; fileRef = 8024DFFD1E326C5E00B4D2DD /* ChatViewController.m */; };
		8024E0001E332F1300B4D2DD /* bubble_right.png in Resources */ = {isa = PBXBuildFile; fileRef = 8024DFFF1E332F1300B4D2DD /* bubble_right.png */; };
		8024E0031E33301400B4D2DD /* ChatTableViewCell.m in Sources */ = {isa = PBXBuildFile; fileRef = 8024E0021E33301400B4D2DD /* ChatTableViewCell.m */; };
		8024E00C1E33374F00B4D2DD /* BubbleIncoming@3x.png in Resources */ = {isa = PBXBuildFile; fileRef = 8024E0041E33374F00B4D2DD /* BubbleIncoming@3x.png */; };
		8024E00D1E33374F00B4D2DD /* Layer1@2x.png in Resources */ = {isa = PBXBuildFile; fileRef = 8024E0051E33374F00B4D2DD /* Layer1@2x.png */; };
		8024E00E1E33374F00B4D2DD /* BubbleOutgoing.png in Resources */ = {isa = PBXBuildFile; fileRef = 8024E0061E33374F00B4D2DD /* BubbleOutgoing.png */; };
		8024E00F1E33374F00B4D2DD /* Layer1.png in Resources */ = {isa = PBXBuildFile; fileRef = 8024E0071E33374F00B4D2DD /* Layer1.png */; };
		8024E0101E33374F00B4D2DD /* BubbleOutgoing@2x.png in Resources */ = {isa = PBXBuildFile; fileRef = 8024E0081E33374F00B4D2DD /* BubbleOutgoing@2x.png */; };
		8024E0111E33374F00B4D2DD /* BubbleOutgoing@3x.png in Resources */ = {isa = PBXBuildFile; fileRef = 8024E0091E33374F00B4D2DD /* BubbleOutgoing@3x.png */; };
		8024E0121E33374F00B4D2DD /* BubbleIncoming.png in Resources */ = {isa = PBXBuildFile; fileRef = 8024E00A1E33374F00B4D2DD /* BubbleIncoming.png */; };
		8024E0131E33374F00B4D2DD /* BubbleIncoming@2x.png in Resources */ = {isa = PBXBuildFile; fileRef = 8024E00B1E33374F00B4D2DD /* BubbleIncoming@2x.png */; };
		80480C361E2F1206000D50BA /* main.m in Sources */ = {isa = PBXBuildFile; fileRef = 80480C351E2F1206000D50BA /* main.m */; };
		80480C391E2F1206000D50BA /* AppDelegate.m in Sources */ = {isa = PBXBuildFile; fileRef = 80480C381E2F1206000D50BA /* AppDelegate.m */; };
		80480C3F1E2F1206000D50BA /* Main.storyboard in Resources */ = {isa = PBXBuildFile; fileRef = 80480C3D1E2F1206000D50BA /* Main.storyboard */; };
		80480C411E2F1206000D50BA /* Assets.xcassets in Resources */ = {isa = PBXBuildFile; fileRef = 80480C401E2F1206000D50BA /* Assets.xcassets */; };
		80480C441E2F1206000D50BA /* LaunchScreen.storyboard in Resources */ = {isa = PBXBuildFile; fileRef = 80480C421E2F1206000D50BA /* LaunchScreen.storyboard */; };
		80480C4F1E2F1206000D50BA /* MessageFormatterTests.m in Sources */ = {isa = PBXBuildFile; fileRef = 80480C4E1E2F1206000D50BA /* MessageFormatterTests.m */; };
		80480C5A1E2F1206000D50BA /* MessageFormatterUITests.m in Sources */ = {isa = PBXBuildFile; fileRef = 80480C591E2F1206000D50BA /* MessageFormatterUITests.m */; };
		80480C691E2F144F000D50BA /* NSString+Formatter.m in Sources */ = {isa = PBXBuildFile; fileRef = 80480C681E2F144F000D50BA /* NSString+Formatter.m */; };
/* End PBXBuildFile section */

/* Begin PBXContainerItemProxy section */
		80480C4B1E2F1206000D50BA /* PBXContainerItemProxy */ = {
			isa = PBXContainerItemProxy;
			containerPortal = 80480C291E2F1206000D50BA /* Project object */;
			proxyType = 1;
			remoteGlobalIDString = 80480C301E2F1206000D50BA;
			remoteInfo = MessageFormatter;
		};
		80480C561E2F1206000D50BA /* PBXContainerItemProxy */ = {
			isa = PBXContainerItemProxy;
			containerPortal = 80480C291E2F1206000D50BA /* Project object */;
			proxyType = 1;
			remoteGlobalIDString = 80480C301E2F1206000D50BA;
			remoteInfo = MessageFormatter;
		};
/* End PBXContainerItemProxy section */

/* Begin PBXFileReference section */
		8024DFF91E326C4900B4D2DD /* MessageComposerView.h */ = {isa = PBXFileReference; fileEncoding = 4; lastKnownFileType = sourcecode.c.h; path = MessageComposerView.h; sourceTree = "<group>"; };
		8024DFFA1E326C4900B4D2DD /* MessageComposerView.m */ = {isa = PBXFileReference; fileEncoding = 4; lastKnownFileType = sourcecode.c.objc; path = MessageComposerView.m; sourceTree = "<group>"; };
		8024DFFC1E326C5E00B4D2DD /* ChatViewController.h */ = {isa = PBXFileReference; fileEncoding = 4; lastKnownFileType = sourcecode.c.h; name = ChatViewController.h; path = ../ChatViewController.h; sourceTree = "<group>"; };
		8024DFFD1E326C5E00B4D2DD /* ChatViewController.m */ = {isa = PBXFileReference; fileEncoding = 4; lastKnownFileType = sourcecode.c.objc; name = ChatViewController.m; path = ../ChatViewController.m; sourceTree = "<group>"; };
		8024DFFF1E332F1300B4D2DD /* bubble_right.png */ = {isa = PBXFileReference; lastKnownFileType = image.png; path = bubble_right.png; sourceTree = "<group>"; };
		8024E0011E33301400B4D2DD /* ChatTableViewCell.h */ = {isa = PBXFileReference; fileEncoding = 4; lastKnownFileType = sourcecode.c.h; path = ChatTableViewCell.h; sourceTree = "<group>"; };
		8024E0021E33301400B4D2DD /* ChatTableViewCell.m */ = {isa = PBXFileReference; fileEncoding = 4; lastKnownFileType = sourcecode.c.objc; path = ChatTableViewCell.m; sourceTree = "<group>"; };
		8024E0041E33374F00B4D2DD /* BubbleIncoming@3x.png */ = {isa = PBXFileReference; lastKnownFileType = image.png; path = "BubbleIncoming@3x.png"; sourceTree = "<group>"; };
		8024E0051E33374F00B4D2DD /* Layer1@2x.png */ = {isa = PBXFileReference; lastKnownFileType = image.png; path = "Layer1@2x.png"; sourceTree = "<group>"; };
		8024E0061E33374F00B4D2DD /* BubbleOutgoing.png */ = {isa = PBXFileReference; lastKnownFileType = image.png; path = BubbleOutgoing.png; sourceTree = "<group>"; };
		8024E0071E33374F00B4D2DD /* Layer1.png */ = {isa = PBXFileReference; lastKnownFileType = image.png; path = Layer1.png; sourceTree = "<group>"; };
		8024E0081E33374F00B4D2DD /* BubbleOutgoing@2x.png */ = {isa = PBXFileReference; lastKnownFileType = image.png; path = "BubbleOutgoing@2x.png"; sourceTree = "<group>"; };
		8024E0091E33374F00B4D2DD /* BubbleOutgoing@3x.png */ = {isa = PBXFileReference; lastKnownFileType = image.png; path = "BubbleOutgoing@3x.png"; sourceTree = "<group>"; };
		8024E00A1E33374F00B4D2DD /* BubbleIncoming.png */ = {isa = PBXFileReference; lastKnownFileType = image.png; path = BubbleIncoming.png; sourceTree = "<group>"; };
		8024E00B1E33374F00B4D2DD /* BubbleIncoming@2x.png */ = {isa = PBXFileReference; lastKnownFileType = image.png; path = "BubbleIncoming@2x.png"; sourceTree = "<group>"; };
		80480C311E2F1206000D50BA /* MessageFormatter.app */ = {isa = PBXFileReference; explicitFileType = wrapper.application; includeInIndex = 0; path = MessageFormatter.app; sourceTree = BUILT_PRODUCTS_DIR; };
		80480C351E2F1206000D50BA /* main.m */ = {isa = PBXFileReference; lastKnownFileType = sourcecode.c.objc; path = main.m; sourceTree = "<group>"; };
		80480C371E2F1206000D50BA /* AppDelegate.h */ = {isa = PBXFileReference; lastKnownFileType = sourcecode.c.h; path = AppDelegate.h; sourceTree = "<group>"; };
		80480C381E2F1206000D50BA /* AppDelegate.m */ = {isa = PBXFileReference; lastKnownFileType = sourcecode.c.objc; path = AppDelegate.m; sourceTree = "<group>"; };
		80480C3E1E2F1206000D50BA /* Base */ = {isa = PBXFileReference; lastKnownFileType = file.storyboard; name = Base; path = Base.lproj/Main.storyboard; sourceTree = "<group>"; };
		80480C401E2F1206000D50BA /* Assets.xcassets */ = {isa = PBXFileReference; lastKnownFileType = folder.assetcatalog; path = Assets.xcassets; sourceTree = "<group>"; };
		80480C431E2F1206000D50BA /* Base */ = {isa = PBXFileReference; lastKnownFileType = file.storyboard; name = Base; path = Base.lproj/LaunchScreen.storyboard; sourceTree = "<group>"; };
		80480C451E2F1206000D50BA /* Info.plist */ = {isa = PBXFileReference; lastKnownFileType = text.plist.xml; path = Info.plist; sourceTree = "<group>"; };
		80480C4A1E2F1206000D50BA /* MessageFormatterTests.xctest */ = {isa = PBXFileReference; explicitFileType = wrapper.cfbundle; includeInIndex = 0; path = MessageFormatterTests.xctest; sourceTree = BUILT_PRODUCTS_DIR; };
		80480C4E1E2F1206000D50BA /* MessageFormatterTests.m */ = {isa = PBXFileReference; lastKnownFileType = sourcecode.c.objc; path = MessageFormatterTests.m; sourceTree = "<group>"; };
		80480C501E2F1206000D50BA /* Info.plist */ = {isa = PBXFileReference; lastKnownFileType = text.plist.xml; path = Info.plist; sourceTree = "<group>"; };
		80480C551E2F1206000D50BA /* MessageFormatterUITests.xctest */ = {isa = PBXFileReference; explicitFileType = wrapper.cfbundle; includeInIndex = 0; path = MessageFormatterUITests.xctest; sourceTree = BUILT_PRODUCTS_DIR; };
		80480C591E2F1206000D50BA /* MessageFormatterUITests.m */ = {isa = PBXFileReference; lastKnownFileType = sourcecode.c.objc; path = MessageFormatterUITests.m; sourceTree = "<group>"; };
		80480C5B1E2F1206000D50BA /* Info.plist */ = {isa = PBXFileReference; lastKnownFileType = text.plist.xml; path = Info.plist; sourceTree = "<group>"; };
		80480C671E2F144F000D50BA /* NSString+Formatter.h */ = {isa = PBXFileReference; fileEncoding = 4; lastKnownFileType = sourcecode.c.h; path = "NSString+Formatter.h"; sourceTree = "<group>"; };
		80480C681E2F144F000D50BA /* NSString+Formatter.m */ = {isa = PBXFileReference; fileEncoding = 4; lastKnownFileType = sourcecode.c.objc; path = "NSString+Formatter.m"; sourceTree = "<group>"; };
/* End PBXFileReference section */

/* Begin PBXFrameworksBuildPhase section */
		80480C2E1E2F1206000D50BA /* Frameworks */ = {
			isa = PBXFrameworksBuildPhase;
			buildActionMask = 2147483647;
			files = (
			);
			runOnlyForDeploymentPostprocessing = 0;
		};
		80480C471E2F1206000D50BA /* Frameworks */ = {
			isa = PBXFrameworksBuildPhase;
			buildActionMask = 2147483647;
			files = (
			);
			runOnlyForDeploymentPostprocessing = 0;
		};
		80480C521E2F1206000D50BA /* Frameworks */ = {
			isa = PBXFrameworksBuildPhase;
			buildActionMask = 2147483647;
			files = (
			);
			runOnlyForDeploymentPostprocessing = 0;
		};
/* End PBXFrameworksBuildPhase section */

/* Begin PBXGroup section */
		80480C281E2F1206000D50BA = {
			isa = PBXGroup;
			children = (
				80480C331E2F1206000D50BA /* MessageFormatter */,
				80480C4D1E2F1206000D50BA /* MessageFormatterTests */,
				80480C581E2F1206000D50BA /* MessageFormatterUITests */,
				80480C321E2F1206000D50BA /* Products */,
			);
			sourceTree = "<group>";
		};
		80480C321E2F1206000D50BA /* Products */ = {
			isa = PBXGroup;
			children = (
				80480C311E2F1206000D50BA /* MessageFormatter.app */,
				80480C4A1E2F1206000D50BA /* MessageFormatterTests.xctest */,
				80480C551E2F1206000D50BA /* MessageFormatterUITests.xctest */,
			);
			name = Products;
			sourceTree = "<group>";
		};
		80480C331E2F1206000D50BA /* MessageFormatter */ = {
			isa = PBXGroup;
			children = (
				80480C371E2F1206000D50BA /* AppDelegate.h */,
				8024DFFC1E326C5E00B4D2DD /* ChatViewController.h */,
				8024DFFD1E326C5E00B4D2DD /* ChatViewController.m */,
				8024E0011E33301400B4D2DD /* ChatTableViewCell.h */,
				8024E0021E33301400B4D2DD /* ChatTableViewCell.m */,
				80480C381E2F1206000D50BA /* AppDelegate.m */,
				80480C671E2F144F000D50BA /* NSString+Formatter.h */,
				80480C681E2F144F000D50BA /* NSString+Formatter.m */,
				80480C3D1E2F1206000D50BA /* Main.storyboard */,
				80480C401E2F1206000D50BA /* Assets.xcassets */,
				80480C421E2F1206000D50BA /* LaunchScreen.storyboard */,
				80480C451E2F1206000D50BA /* Info.plist */,
				80480C341E2F1206000D50BA /* Supporting Files */,
			);
			path = MessageFormatter;
			sourceTree = "<group>";
		};
		80480C341E2F1206000D50BA /* Supporting Files */ = {
			isa = PBXGroup;
			children = (
				8024DFFF1E332F1300B4D2DD /* bubble_right.png */,
				8024E0041E33374F00B4D2DD /* BubbleIncoming@3x.png */,
				8024E0051E33374F00B4D2DD /* Layer1@2x.png */,
				8024E0061E33374F00B4D2DD /* BubbleOutgoing.png */,
				8024E0071E33374F00B4D2DD /* Layer1.png */,
				8024E0081E33374F00B4D2DD /* BubbleOutgoing@2x.png */,
				8024E0091E33374F00B4D2DD /* BubbleOutgoing@3x.png */,
				8024E00A1E33374F00B4D2DD /* BubbleIncoming.png */,
				8024E00B1E33374F00B4D2DD /* BubbleIncoming@2x.png */,
				8024DFF91E326C4900B4D2DD /* MessageComposerView.h */,
				8024DFFA1E326C4900B4D2DD /* MessageComposerView.m */,
				80480C351E2F1206000D50BA /* main.m */,
			);
			name = "Supporting Files";
			sourceTree = "<group>";
		};
		80480C4D1E2F1206000D50BA /* MessageFormatterTests */ = {
			isa = PBXGroup;
			children = (
				80480C4E1E2F1206000D50BA /* MessageFormatterTests.m */,
				80480C501E2F1206000D50BA /* Info.plist */,
			);
			path = MessageFormatterTests;
			sourceTree = "<group>";
		};
		80480C581E2F1206000D50BA /* MessageFormatterUITests */ = {
			isa = PBXGroup;
			children = (
				80480C591E2F1206000D50BA /* MessageFormatterUITests.m */,
				80480C5B1E2F1206000D50BA /* Info.plist */,
			);
			path = MessageFormatterUITests;
			sourceTree = "<group>";
		};
/* End PBXGroup section */

/* Begin PBXNativeTarget section */
		80480C301E2F1206000D50BA /* MessageFormatter */ = {
			isa = PBXNativeTarget;
			buildConfigurationList = 80480C5E1E2F1206000D50BA /* Build configuration list for PBXNativeTarget "MessageFormatter" */;
			buildPhases = (
				80480C2D1E2F1206000D50BA /* Sources */,
				80480C2E1E2F1206000D50BA /* Frameworks */,
				80480C2F1E2F1206000D50BA /* Resources */,
			);
			buildRules = (
			);
			dependencies = (
			);
			name = MessageFormatter;
			productName = MessageFormatter;
			productReference = 80480C311E2F1206000D50BA /* MessageFormatter.app */;
			productType = "com.apple.product-type.application";
		};
		80480C491E2F1206000D50BA /* MessageFormatterTests */ = {
			isa = PBXNativeTarget;
			buildConfigurationList = 80480C611E2F1206000D50BA /* Build configuration list for PBXNativeTarget "MessageFormatterTests" */;
			buildPhases = (
				80480C461E2F1206000D50BA /* Sources */,
				80480C471E2F1206000D50BA /* Frameworks */,
				80480C481E2F1206000D50BA /* Resources */,
			);
			buildRules = (
			);
			dependencies = (
				80480C4C1E2F1206000D50BA /* PBXTargetDependency */,
			);
			name = MessageFormatterTests;
			productName = MessageFormatterTests;
			productReference = 80480C4A1E2F1206000D50BA /* MessageFormatterTests.xctest */;
			productType = "com.apple.product-type.bundle.unit-test";
		};
		80480C541E2F1206000D50BA /* MessageFormatterUITests */ = {
			isa = PBXNativeTarget;
			buildConfigurationList = 80480C641E2F1206000D50BA /* Build configuration list for PBXNativeTarget "MessageFormatterUITests" */;
			buildPhases = (
				80480C511E2F1206000D50BA /* Sources */,
				80480C521E2F1206000D50BA /* Frameworks */,
				80480C531E2F1206000D50BA /* Resources */,
			);
			buildRules = (
			);
			dependencies = (
				80480C571E2F1206000D50BA /* PBXTargetDependency */,
			);
			name = MessageFormatterUITests;
			productName = MessageFormatterUITests;
			productReference = 80480C551E2F1206000D50BA /* MessageFormatterUITests.xctest */;
			productType = "com.apple.product-type.bundle.ui-testing";
		};
/* End PBXNativeTarget section */

/* Begin PBXProject section */
		80480C291E2F1206000D50BA /* Project object */ = {
			isa = PBXProject;
			attributes = {
				LastUpgradeCheck = 0820;
				ORGANIZATIONNAME = "Sri Ram";
				TargetAttributes = {
					80480C301E2F1206000D50BA = {
						CreatedOnToolsVersion = 8.2.1;
						DevelopmentTeam = LDKBJF4W44;
						ProvisioningStyle = Automatic;
					};
					80480C491E2F1206000D50BA = {
						CreatedOnToolsVersion = 8.2.1;
						ProvisioningStyle = Automatic;
						TestTargetID = 80480C301E2F1206000D50BA;
					};
					80480C541E2F1206000D50BA = {
						CreatedOnToolsVersion = 8.2.1;
						ProvisioningStyle = Automatic;
						TestTargetID = 80480C301E2F1206000D50BA;
					};
				};
			};
			buildConfigurationList = 80480C2C1E2F1206000D50BA /* Build configuration list for PBXProject "MessageFormatter" */;
			compatibilityVersion = "Xcode 3.2";
			developmentRegion = English;
			hasScannedForEncodings = 0;
			knownRegions = (
				en,
				Base,
			);
			mainGroup = 80480C281E2F1206000D50BA;
			productRefGroup = 80480C321E2F1206000D50BA /* Products */;
			projectDirPath = "";
			projectRoot = "";
			targets = (
				80480C301E2F1206000D50BA /* MessageFormatter */,
				80480C491E2F1206000D50BA /* MessageFormatterTests */,
				80480C541E2F1206000D50BA /* MessageFormatterUITests */,
			);
		};
/* End PBXProject section */

/* Begin PBXResourcesBuildPhase section */
		80480C2F1E2F1206000D50BA /* Resources */ = {
			isa = PBXResourcesBuildPhase;
			buildActionMask = 2147483647;
			files = (
				8024E0001E332F1300B4D2DD /* bubble_right.png in Resources */,
				8024E00D1E33374F00B4D2DD /* Layer1@2x.png in Resources */,
				8024E00E1E33374F00B4D2DD /* BubbleOutgoing.png in Resources */,
				8024E0111E33374F00B4D2DD /* BubbleOutgoing@3x.png in Resources */,
				80480C441E2F1206000D50BA /* LaunchScreen.storyboard in Resources */,
				8024E00F1E33374F00B4D2DD /* Layer1.png in Resources */,
				8024E0131E33374F00B4D2DD /* BubbleIncoming@2x.png in Resources */,
				8024E0121E33374F00B4D2DD /* BubbleIncoming.png in Resources */,
				80480C411E2F1206000D50BA /* Assets.xcassets in Resources */,
				80480C3F1E2F1206000D50BA /* Main.storyboard in Resources */,
				8024E0101E33374F00B4D2DD /* BubbleOutgoing@2x.png in Resources */,
				8024E00C1E33374F00B4D2DD /* BubbleIncoming@3x.png in Resources */,
			);
			runOnlyForDeploymentPostprocessing = 0;
		};
		80480C481E2F1206000D50BA /* Resources */ = {
			isa = PBXResourcesBuildPhase;
			buildActionMask = 2147483647;
			files = (
			);
			runOnlyForDeploymentPostprocessing = 0;
		};
		80480C531E2F1206000D50BA /* Resources */ = {
			isa = PBXResourcesBuildPhase;
			buildActionMask = 2147483647;
			files = (
			);
			runOnlyForDeploymentPostprocessing = 0;
		};
/* End PBXResourcesBuildPhase section */

/* Begin PBXSourcesBuildPhase section */
		80480C2D1E2F1206000D50BA /* Sources */ = {
			isa = PBXSourcesBuildPhase;
			buildActionMask = 2147483647;
			files = (
				80480C391E2F1206000D50BA /* AppDelegate.m in Sources */,
				80480C691E2F144F000D50BA /* NSString+Formatter.m in Sources */,
				8024DFFE1E326C5E00B4D2DD /* ChatViewController.m in Sources */,
				8024DFFB1E326C4900B4D2DD /* MessageComposerView.m in Sources */,
				80480C361E2F1206000D50BA /* main.m in Sources */,
				8024E0031E33301400B4D2DD /* ChatTableViewCell.m in Sources */,
			);
			runOnlyForDeploymentPostprocessing = 0;
		};
		80480C461E2F1206000D50BA /* Sources */ = {
			isa = PBXSourcesBuildPhase;
			buildActionMask = 2147483647;
			files = (
				80480C4F1E2F1206000D50BA /* MessageFormatterTests.m in Sources */,
			);
			runOnlyForDeploymentPostprocessing = 0;
		};
		80480C511E2F1206000D50BA /* Sources */ = {
			isa = PBXSourcesBuildPhase;
			buildActionMask = 2147483647;
			files = (
				80480C5A1E2F1206000D50BA /* MessageFormatterUITests.m in Sources */,
			);
			runOnlyForDeploymentPostprocessing = 0;
		};
/* End PBXSourcesBuildPhase section */

/* Begin PBXTargetDependency section */
		80480C4C1E2F1206000D50BA /* PBXTargetDependency */ = {
			isa = PBXTargetDependency;
			target = 80480C301E2F1206000D50BA /* MessageFormatter */;
			targetProxy = 80480C4B1E2F1206000D50BA /* PBXContainerItemProxy */;
		};
		80480C571E2F1206000D50BA /* PBXTargetDependency */ = {
			isa = PBXTargetDependency;
			target = 80480C301E2F1206000D50BA /* MessageFormatter */;
			targetProxy = 80480C561E2F1206000D50BA /* PBXContainerItemProxy */;
		};
/* End PBXTargetDependency section */

/* Begin PBXVariantGroup section */
		80480C3D1E2F1206000D50BA /* Main.storyboard */ = {
			isa = PBXVariantGroup;
			children = (
				80480C3E1E2F1206000D50BA /* Base */,
			);
			name = Main.storyboard;
			sourceTree = "<group>";
		};
		80480C421E2F1206000D50BA /* LaunchScreen.storyboard */ = {
			isa = PBXVariantGroup;
			children = (
				80480C431E2F1206000D50BA /* Base */,
			);
			name = LaunchScreen.storyboard;
			sourceTree = "<group>";
		};
/* End PBXVariantGroup section */

/* Begin XCBuildConfiguration section */
		80480C5C1E2F1206000D50BA /* Debug */ = {
			isa = XCBuildConfiguration;
			buildSettings = {
				ALWAYS_SEARCH_USER_PATHS = NO;
				CLANG_ANALYZER_NONNULL = YES;
				CLANG_CXX_LANGUAGE_STANDARD = "gnu++0x";
				CLANG_CXX_LIBRARY = "libc++";
				CLANG_ENABLE_MODULES = YES;
				CLANG_ENABLE_OBJC_ARC = YES;
				CLANG_WARN_BOOL_CONVERSION = YES;
				CLANG_WARN_CONSTANT_CONVERSION = YES;
				CLANG_WARN_DIRECT_OBJC_ISA_USAGE = YES_ERROR;
				CLANG_WARN_DOCUMENTATION_COMMENTS = YES;
				CLANG_WARN_EMPTY_BODY = YES;
				CLANG_WARN_ENUM_CONVERSION = YES;
				CLANG_WARN_INFINITE_RECURSION = YES;
				CLANG_WARN_INT_CONVERSION = YES;
				CLANG_WARN_OBJC_ROOT_CLASS = YES_ERROR;
				CLANG_WARN_SUSPICIOUS_MOVE = YES;
				CLANG_WARN_UNREACHABLE_CODE = YES;
				CLANG_WARN__DUPLICATE_METHOD_MATCH = YES;
				"CODE_SIGN_IDENTITY[sdk=iphoneos*]" = "iPhone Developer";
				COPY_PHASE_STRIP = NO;
				DEBUG_INFORMATION_FORMAT = dwarf;
				ENABLE_STRICT_OBJC_MSGSEND = YES;
				ENABLE_TESTABILITY = YES;
				GCC_C_LANGUAGE_STANDARD = gnu99;
				GCC_DYNAMIC_NO_PIC = NO;
				GCC_NO_COMMON_BLOCKS = YES;
				GCC_OPTIMIZATION_LEVEL = 0;
				GCC_PREPROCESSOR_DEFINITIONS = (
					"DEBUG=1",
					"$(inherited)",
				);
				GCC_WARN_64_TO_32_BIT_CONVERSION = YES;
				GCC_WARN_ABOUT_RETURN_TYPE = YES_ERROR;
				GCC_WARN_UNDECLARED_SELECTOR = YES;
				GCC_WARN_UNINITIALIZED_AUTOS = YES_AGGRESSIVE;
				GCC_WARN_UNUSED_FUNCTION = YES;
				GCC_WARN_UNUSED_VARIABLE = YES;
				IPHONEOS_DEPLOYMENT_TARGET = 10.2;
				MTL_ENABLE_DEBUG_INFO = YES;
				ONLY_ACTIVE_ARCH = YES;
				SDKROOT = iphoneos;
				TARGETED_DEVICE_FAMILY = "1,2";
			};
			name = Debug;
		};
		80480C5D1E2F1206000D50BA /* Release */ = {
			isa = XCBuildConfiguration;
			buildSettings = {
				ALWAYS_SEARCH_USER_PATHS = NO;
				CLANG_ANALYZER_NONNULL = YES;
				CLANG_CXX_LANGUAGE_STANDARD = "gnu++0x";
				CLANG_CXX_LIBRARY = "libc++";
				CLANG_ENABLE_MODULES = YES;
				CLANG_ENABLE_OBJC_ARC = YES;
				CLANG_WARN_BOOL_CONVERSION = YES;
				CLANG_WARN_CONSTANT_CONVERSION = YES;
				CLANG_WARN_DIRECT_OBJC_ISA_USAGE = YES_ERROR;
				CLANG_WARN_DOCUMENTATION_COMMENTS = YES;
				CLANG_WARN_EMPTY_BODY = YES;
				CLANG_WARN_ENUM_CONVERSION = YES;
				CLANG_WARN_INFINITE_RECURSION = YES;
				CLANG_WARN_INT_CONVERSION = YES;
				CLANG_WARN_OBJC_ROOT_CLASS = YES_ERROR;
				CLANG_WARN_SUSPICIOUS_MOVE = YES;
				CLANG_WARN_UNREACHABLE_CODE = YES;
				CLANG_WARN__DUPLICATE_METHOD_MATCH = YES;
				"CODE_SIGN_IDENTITY[sdk=iphoneos*]" = "iPhone Developer";
				COPY_PHASE_STRIP = NO;
				DEBUG_INFORMATION_FORMAT = "dwarf-with-dsym";
				ENABLE_NS_ASSERTIONS = NO;
				ENABLE_STRICT_OBJC_MSGSEND = YES;
				GCC_C_LANGUAGE_STANDARD = gnu99;
				GCC_NO_COMMON_BLOCKS = YES;
				GCC_WARN_64_TO_32_BIT_CONVERSION = YES;
				GCC_WARN_ABOUT_RETURN_TYPE = YES_ERROR;
				GCC_WARN_UNDECLARED_SELECTOR = YES;
				GCC_WARN_UNINITIALIZED_AUTOS = YES_AGGRESSIVE;
				GCC_WARN_UNUSED_FUNCTION = YES;
				GCC_WARN_UNUSED_VARIABLE = YES;
				IPHONEOS_DEPLOYMENT_TARGET = 10.2;
				MTL_ENABLE_DEBUG_INFO = NO;
				SDKROOT = iphoneos;
				TARGETED_DEVICE_FAMILY = "1,2";
				VALIDATE_PRODUCT = YES;
			};
			name = Release;
		};
		80480C5F1E2F1206000D50BA /* Debug */ = {
			isa = XCBuildConfiguration;
			buildSettings = {
				ASSETCATALOG_COMPILER_APPICON_NAME = AppIcon;
				DEVELOPMENT_TEAM = LDKBJF4W44;
				INFOPLIST_FILE = MessageFormatter/Info.plist;
				IPHONEOS_DEPLOYMENT_TARGET = 8.0;
				LD_RUNPATH_SEARCH_PATHS = "$(inherited) @executable_path/Frameworks";
				PRODUCT_BUNDLE_IDENTIFIER = com.sriram.test.MessageFormatter;
				PRODUCT_NAME = "$(TARGET_NAME)";
			};
			name = Debug;
		};
		80480C601E2F1206000D50BA /* Release */ = {
			isa = XCBuildConfiguration;
			buildSettings = {
				ASSETCATALOG_COMPILER_APPICON_NAME = AppIcon;
				DEVELOPMENT_TEAM = LDKBJF4W44;
				INFOPLIST_FILE = MessageFormatter/Info.plist;
				IPHONEOS_DEPLOYMENT_TARGET = 8.0;
				LD_RUNPATH_SEARCH_PATHS = "$(inherited) @executable_path/Frameworks";
				PRODUCT_BUNDLE_IDENTIFIER = com.sriram.test.MessageFormatter;
				PRODUCT_NAME = "$(TARGET_NAME)";
			};
			name = Release;
		};
		80480C621E2F1206000D50BA /* Debug */ = {
			isa = XCBuildConfiguration;
			buildSettings = {
				BUNDLE_LOADER = "$(TEST_HOST)";
				INFOPLIST_FILE = MessageFormatterTests/Info.plist;
				LD_RUNPATH_SEARCH_PATHS = "$(inherited) @executable_path/Frameworks @loader_path/Frameworks";
				PRODUCT_BUNDLE_IDENTIFIER = com.sriram.test.MessageFormatterTests;
				PRODUCT_NAME = "$(TARGET_NAME)";
				TEST_HOST = "$(BUILT_PRODUCTS_DIR)/MessageFormatter.app/MessageFormatter";
			};
			name = Debug;
		};
		80480C631E2F1206000D50BA /* Release */ = {
			isa = XCBuildConfiguration;
			buildSettings = {
				BUNDLE_LOADER = "$(TEST_HOST)";
				INFOPLIST_FILE = MessageFormatterTests/Info.plist;
				LD_RUNPATH_SEARCH_PATHS = "$(inherited) @executable_path/Frameworks @loader_path/Frameworks";
				PRODUCT_BUNDLE_IDENTIFIER = com.sriram.test.MessageFormatterTests;
				PRODUCT_NAME = "$(TARGET_NAME)";
				TEST_HOST = "$(BUILT_PRODUCTS_DIR)/MessageFormatter.app/MessageFormatter";
			};
			name = Release;
		};
		80480C651E2F1206000D50BA /* Debug */ = {
			isa = XCBuildConfiguration;
			buildSettings = {
				INFOPLIST_FILE = MessageFormatterUITests/Info.plist;
				LD_RUNPATH_SEARCH_PATHS = "$(inherited) @executable_path/Frameworks @loader_path/Frameworks";
				PRODUCT_BUNDLE_IDENTIFIER = com.sriram.test.MessageFormatterUITests;
				PRODUCT_NAME = "$(TARGET_NAME)";
				TEST_TARGET_NAME = MessageFormatter;
			};
			name = Debug;
		};
		80480C661E2F1206000D50BA /* Release */ = {
			isa = XCBuildConfiguration;
			buildSettings = {
				INFOPLIST_FILE = MessageFormatterUITests/Info.plist;
				LD_RUNPATH_SEARCH_PATHS = "$(inherited) @executable_path/Frameworks @loader_path/Frameworks";
				PRODUCT_BUNDLE_IDENTIFIER = com.sriram.test.MessageFormatterUITests;
				PRODUCT_NAME = "$(TARGET_NAME)";
				TEST_TARGET_NAME = MessageFormatter;
			};
			name = Release;
		};
/* End XCBuildConfiguration section */

/* Begin XCConfigurationList section */
		80480C2C1E2F1206000D50BA /* Build configuration list for PBXProject "MessageFormatter" */ = {
			isa = XCConfigurationList;
			buildConfigurations = (
				80480C5C1E2F1206000D50BA /* Debug */,
				80480C5D1E2F1206000D50BA /* Release */,
			);
			defaultConfigurationIsVisible = 0;
			defaultConfigurationName = Release;
		};
		80480C5E1E2F1206000D50BA /* Build configuration list for PBXNativeTarget "MessageFormatter" */ = {
			isa = XCConfigurationList;
			buildConfigurations = (
				80480C5F1E2F1206000D50BA /* Debug */,
				80480C601E2F1206000D50BA /* Release */,
			);
			defaultConfigurationIsVisible = 0;
			defaultConfigurationName = Release;
		};
		80480C611E2F1206000D50BA /* Build configuration list for PBXNativeTarget "MessageFormatterTests" */ = {
			isa = XCConfigurationList;
			buildConfigurations = (
				80480C621E2F1206000D50BA /* Debug */,
				80480C631E2F1206000D50BA /* Release */,
			);
			defaultConfigurationIsVisible = 0;
			defaultConfigurationName = Release;
		};
		80480C641E2F1206000D50BA /* Build configuration list for PBXNativeTarget "MessageFormatterUITests" */ = {
			isa = XCConfigurationList;
			buildConfigurations = (
				80480C651E2F1206000D50BA /* Debug */,
				80480C661E2F1206000D50BA /* Release */,
			);
			defaultConfigurationIsVisible = 0;
			defaultConfigurationName = Release;
		};
/* End XCConfigurationList section */
	};
	rootObject = 80480C291E2F1206000D50BA /* Project object */;
}
